
Microsoft Visual Studio Solution File, Format Version 12.00
# Visual Studio Version 16
VisualStudioVersion = 16.0.32228.343
MinimumVisualStudioVersion = 10.0.40219.1
Project("{FAE04EC0-301F-11D3-BF4B-00C04F79EFBC}") = "ClassDemoUnitTest", "ClassDemoUnitTest\ClassDemoUnitTest.csproj", "{3B4D2DD3-3342-44A8-99F4-2B226B68466C}"
EndProject
Project("{FAE04EC0-301F-11D3-BF4B-00C04F79EFBC}") = "TestTest", "TestTest\TestTest.csproj", "{646DDDA2-3643-4CEC-963E-9980B9306068}"
EndProject
Global
	GlobalSection(SolutionConfigurationPlatforms) = preSolution
		Debug|Any CPU = Debug|Any CPU
		Release|Any CPU = Release|Any CPU
	EndGlobalSection
	GlobalSection(ProjectConfigurationPlatforms) = postSolution
		{3B4D2DD3-3342-44A8-99F4-2B226B68466C}.Debug|Any CPU.ActiveCfg = Debug|Any CPU
		{3B4D2DD3-3342-44A8-99F4-2B226B68466C}.Debug|Any CPU.Build.0 = Debug|Any CPU
		{3B4D2DD3-3342-44A8-99F4-2B226B68466C}.Release|Any CPU.ActiveCfg = Release|Any CPU
		{3B4D2DD3-3342-44A8-99F4-2B226B68466C}.Release|Any CPU.Build.0 = Release|Any CPU
		{646DDDA2-3643-4CEC-963E-9980B9306068}.Debug|Any CPU.ActiveCfg = Debug|Any CPU
		{646DDDA2-3643-4CEC-963E-9980B9306068}.Debug|Any CPU.Build.0 = Debug|Any CPU
		{646DDDA2-3643-4CEC-963E-9980B9306068}.Release|Any CPU.ActiveCfg = Release|Any CPU
		{646DDDA2-3643-4CEC-963E-9980B9306068}.Release|Any CPU.Build.0 = Release|Any CPU
	EndGlobalSection
	GlobalSection(SolutionProperties) = preSolution
		HideSolutionNode = FALSE
	EndGlobalSection
	GlobalSection(ExtensibilityGlobals) = postSolution
		SolutionGuid = {BBBCA06E-A987-437A-85F1-CD98AC247E22}
	EndGlobalSection
EndGlobal
